// !$*UTF8*$!
{
	archiveVersion = 1;
	classes = {
	};
	objectVersion = 50;
	objects = {

/* Begin PBXBuildFile section */
		4BAADAC5FDF832D2A7794CC7 /* Pods_PhotoBucket.framework in Frameworks */ = {isa = PBXBuildFile; fileRef = D70E8691B2249315BBF16051 /* Pods_PhotoBucket.framework */; };
		896DFCE1209653830099BB4B /* PhotoBucketTableViewController.swift in Sources */ = {isa = PBXBuildFile; fileRef = 896DFCE0209653830099BB4B /* PhotoBucketTableViewController.swift */; };
		896DFCE3209654700099BB4B /* PhotoBucketViewController.swift in Sources */ = {isa = PBXBuildFile; fileRef = 896DFCE2209654700099BB4B /* PhotoBucketViewController.swift */; };
		896DFCE520968A4D0099BB4B /* GoogleService-Info.plist in Resources */ = {isa = PBXBuildFile; fileRef = 896DFCE420968A4C0099BB4B /* GoogleService-Info.plist */; };
		896DFCE720968DC00099BB4B /* Photos.swift in Sources */ = {isa = PBXBuildFile; fileRef = 896DFCE620968DC00099BB4B /* Photos.swift */; };
		896DFCE92096C28D0099BB4B /* LoginViewController.swift in Sources */ = {isa = PBXBuildFile; fileRef = 896DFCE82096C28D0099BB4B /* LoginViewController.swift */; };
		8990B446208644A7004E3F26 /* AppDelegate.swift in Sources */ = {isa = PBXBuildFile; fileRef = 8990B445208644A7004E3F26 /* AppDelegate.swift */; };
		8990B450208644A7004E3F26 /* Main.storyboard in Resources */ = {isa = PBXBuildFile; fileRef = 8990B44E208644A7004E3F26 /* Main.storyboard */; };
		8990B452208644A9004E3F26 /* Assets.xcassets in Resources */ = {isa = PBXBuildFile; fileRef = 8990B451208644A9004E3F26 /* Assets.xcassets */; };
		8990B455208644A9004E3F26 /* LaunchScreen.storyboard in Resources */ = {isa = PBXBuildFile; fileRef = 8990B453208644A9004E3F26 /* LaunchScreen.storyboard */; };
		89C901EB2097A3C900B2C18D /* Rosefire.swift in Sources */ = {isa = PBXBuildFile; fileRef = 89C901EA2097A3C900B2C18D /* Rosefire.swift */; };
/* End PBXBuildFile section */

/* Begin PBXFileReference section */
		015D94E1405EE8FC9C259F6C /* Pods-PhotoBucket.release.xcconfig */ = {isa = PBXFileReference; includeInIndex = 1; lastKnownFileType = text.xcconfig; name = "Pods-PhotoBucket.release.xcconfig"; path = "Pods/Target Support Files/Pods-PhotoBucket/Pods-PhotoBucket.release.xcconfig"; sourceTree = "<group>"; };
		896DFCE0209653830099BB4B /* PhotoBucketTableViewController.swift */ = {isa = PBXFileReference; lastKnownFileType = sourcecode.swift; path = PhotoBucketTableViewController.swift; sourceTree = "<group>"; };
		896DFCE2209654700099BB4B /* PhotoBucketViewController.swift */ = {isa = PBXFileReference; lastKnownFileType = sourcecode.swift; path = PhotoBucketViewController.swift; sourceTree = "<group>"; };
		896DFCE420968A4C0099BB4B /* GoogleService-Info.plist */ = {isa = PBXFileReference; fileEncoding = 4; lastKnownFileType = text.plist.xml; path = "GoogleService-Info.plist"; sourceTree = "<group>"; };
		896DFCE620968DC00099BB4B /* Photos.swift */ = {isa = PBXFileReference; lastKnownFileType = sourcecode.swift; path = Photos.swift; sourceTree = "<group>"; };
		896DFCE82096C28D0099BB4B /* LoginViewController.swift */ = {isa = PBXFileReference; lastKnownFileType = sourcecode.swift; path = LoginViewController.swift; sourceTree = "<group>"; };
		896DFCEA2096C98A0099BB4B /* PhotoBucket.entitlements */ = {isa = PBXFileReference; lastKnownFileType = text.plist.entitlements; path = PhotoBucket.entitlements; sourceTree = "<group>"; };
		8990B442208644A7004E3F26 /* PhotoBucket.app */ = {isa = PBXFileReference; explicitFileType = wrapper.application; includeInIndex = 0; path = PhotoBucket.app; sourceTree = BUILT_PRODUCTS_DIR; };
		8990B445208644A7004E3F26 /* AppDelegate.swift */ = {isa = PBXFileReference; lastKnownFileType = sourcecode.swift; path = AppDelegate.swift; sourceTree = "<group>"; };
		8990B44F208644A7004E3F26 /* Base */ = {isa = PBXFileReference; lastKnownFileType = file.storyboard; name = Base; path = Base.lproj/Main.storyboard; sourceTree = "<group>"; };
		8990B451208644A9004E3F26 /* Assets.xcassets */ = {isa = PBXFileReference; lastKnownFileType = folder.assetcatalog; path = Assets.xcassets; sourceTree = "<group>"; };
		8990B454208644A9004E3F26 /* Base */ = {isa = PBXFileReference; lastKnownFileType = file.storyboard; name = Base; path = Base.lproj/LaunchScreen.storyboard; sourceTree = "<group>"; };
		8990B456208644A9004E3F26 /* Info.plist */ = {isa = PBXFileReference; lastKnownFileType = text.plist.xml; path = Info.plist; sourceTree = "<group>"; };
		89C901EA2097A3C900B2C18D /* Rosefire.swift */ = {isa = PBXFileReference; lastKnownFileType = sourcecode.swift; path = Rosefire.swift; sourceTree = "<group>"; };
		C624A98F0BD7DD2456E6F7D4 /* Pods-PhotoBucket.debug.xcconfig */ = {isa = PBXFileReference; includeInIndex = 1; lastKnownFileType = text.xcconfig; name = "Pods-PhotoBucket.debug.xcconfig"; path = "Pods/Target Support Files/Pods-PhotoBucket/Pods-PhotoBucket.debug.xcconfig"; sourceTree = "<group>"; };
		D70E8691B2249315BBF16051 /* Pods_PhotoBucket.framework */ = {isa = PBXFileReference; explicitFileType = wrapper.framework; includeInIndex = 0; path = Pods_PhotoBucket.framework; sourceTree = BUILT_PRODUCTS_DIR; };
/* End PBXFileReference section */

/* Begin PBXFrameworksBuildPhase section */
		8990B43F208644A7004E3F26 /* Frameworks */ = {
			isa = PBXFrameworksBuildPhase;
			buildActionMask = 2147483647;
			files = (
				4BAADAC5FDF832D2A7794CC7 /* Pods_PhotoBucket.framework in Frameworks */,
			);
			runOnlyForDeploymentPostprocessing = 0;
		};
/* End PBXFrameworksBuildPhase section */

/* Begin PBXGroup section */
		8990B439208644A6004E3F26 = {
			isa = PBXGroup;
			children = (
				8990B444208644A7004E3F26 /* PhotoBucket */,
				8990B443208644A7004E3F26 /* Products */,
				FC666F8A09094972799F7D08 /* Pods */,
				B431178E5B392905099364AB /* Frameworks */,
			);
			sourceTree = "<group>";
			usesTabs = 1;
		};
		8990B443208644A7004E3F26 /* Products */ = {
			isa = PBXGroup;
			children = (
				8990B442208644A7004E3F26 /* PhotoBucket.app */,
			);
			name = Products;
			sourceTree = "<group>";
		};
		8990B444208644A7004E3F26 /* PhotoBucket */ = {
			isa = PBXGroup;
			children = (
				896DFCEA2096C98A0099BB4B /* PhotoBucket.entitlements */,
				8990B445208644A7004E3F26 /* AppDelegate.swift */,
				8990B44E208644A7004E3F26 /* Main.storyboard */,
				8990B451208644A9004E3F26 /* Assets.xcassets */,
				8990B453208644A9004E3F26 /* LaunchScreen.storyboard */,
				8990B456208644A9004E3F26 /* Info.plist */,
				896DFCE0209653830099BB4B /* PhotoBucketTableViewController.swift */,
				896DFCE2209654700099BB4B /* PhotoBucketViewController.swift */,
				896DFCE420968A4C0099BB4B /* GoogleService-Info.plist */,
				896DFCE620968DC00099BB4B /* Photos.swift */,
				896DFCE82096C28D0099BB4B /* LoginViewController.swift */,
				89C901EA2097A3C900B2C18D /* Rosefire.swift */,
			);
			path = PhotoBucket;
			sourceTree = "<group>";
		};
		B431178E5B392905099364AB /* Frameworks */ = {
			isa = PBXGroup;
			children = (
				D70E8691B2249315BBF16051 /* Pods_PhotoBucket.framework */,
			);
			name = Frameworks;
			sourceTree = "<group>";
		};
		FC666F8A09094972799F7D08 /* Pods */ = {
			isa = PBXGroup;
			children = (
				C624A98F0BD7DD2456E6F7D4 /* Pods-PhotoBucket.debug.xcconfig */,
				015D94E1405EE8FC9C259F6C /* Pods-PhotoBucket.release.xcconfig */,
			);
			name = Pods;
			sourceTree = "<group>";
		};
/* End PBXGroup section */

/* Begin PBXNativeTarget section */
		8990B441208644A7004E3F26 /* PhotoBucket */ = {
			isa = PBXNativeTarget;
			buildConfigurationList = 8990B459208644A9004E3F26 /* Build configuration list for PBXNativeTarget "PhotoBucket" */;
			buildPhases = (
				C8F9BE94588C67029E26AD6C /* [CP] Check Pods Manifest.lock */,
				8990B43E208644A7004E3F26 /* Sources */,
				8990B43F208644A7004E3F26 /* Frameworks */,
				8990B440208644A7004E3F26 /* Resources */,
				DBEDFFB07D1700ABB2077072 /* [CP] Embed Pods Frameworks */,
				6B7CDA4480C31D77CB46C072 /* [CP] Copy Pods Resources */,
			);
			buildRules = (
			);
			dependencies = (
			);
			name = PhotoBucket;
			productName = PhotoBucket;
			productReference = 8990B442208644A7004E3F26 /* PhotoBucket.app */;
			productType = "com.apple.product-type.application";
		};
/* End PBXNativeTarget section */

/* Begin PBXProject section */
		8990B43A208644A6004E3F26 /* Project object */ = {
			isa = PBXProject;
			attributes = {
				LastSwiftUpdateCheck = 0930;
				LastUpgradeCheck = 0930;
				ORGANIZATIONNAME = "Praneet Chakraborty";
				TargetAttributes = {
					8990B441208644A7004E3F26 = {
						CreatedOnToolsVersion = 9.3;
						SystemCapabilities = {
							com.apple.Push = {
								enabled = 1;
							};
						};
					};
				};
			};
			buildConfigurationList = 8990B43D208644A6004E3F26 /* Build configuration list for PBXProject "PhotoBucket" */;
			compatibilityVersion = "Xcode 9.3";
			developmentRegion = en;
			hasScannedForEncodings = 0;
			knownRegions = (
				en,
				Base,
			);
			mainGroup = 8990B439208644A6004E3F26;
			productRefGroup = 8990B443208644A7004E3F26 /* Products */;
			projectDirPath = "";
			projectRoot = "";
			targets = (
				8990B441208644A7004E3F26 /* PhotoBucket */,
			);
		};
/* End PBXProject section */

/* Begin PBXResourcesBuildPhase section */
		8990B440208644A7004E3F26 /* Resources */ = {
			isa = PBXResourcesBuildPhase;
			buildActionMask = 2147483647;
			files = (
				8990B455208644A9004E3F26 /* LaunchScreen.storyboard in Resources */,
				896DFCE520968A4D0099BB4B /* GoogleService-Info.plist in Resources */,
				8990B452208644A9004E3F26 /* Assets.xcassets in Resources */,
				8990B450208644A7004E3F26 /* Main.storyboard in Resources */,
			);
			runOnlyForDeploymentPostprocessing = 0;
		};
/* End PBXResourcesBuildPhase section */

/* Begin PBXShellScriptBuildPhase section */
		6B7CDA4480C31D77CB46C072 /* [CP] Copy Pods Resources */ = {
			isa = PBXShellScriptBuildPhase;
			buildActionMask = 2147483647;
			files = (
			);
			inputPaths = (
				"${SRCROOT}/Pods/Target Support Files/Pods-PhotoBucket/Pods-PhotoBucket-resources.sh",
				"${PODS_ROOT}/GoogleSignIn/Resources/GoogleSignIn.bundle",
			);
			name = "[CP] Copy Pods Resources";
			outputPaths = (
				"${TARGET_BUILD_DIR}/${UNLOCALIZED_RESOURCES_FOLDER_PATH}/GoogleSignIn.bundle",
			);
			runOnlyForDeploymentPostprocessing = 0;
			shellPath = /bin/sh;
			shellScript = "\"${SRCROOT}/Pods/Target Support Files/Pods-PhotoBucket/Pods-PhotoBucket-resources.sh\"\n";
			showEnvVarsInLog = 0;
		};
		C8F9BE94588C67029E26AD6C /* [CP] Check Pods Manifest.lock */ = {
			isa = PBXShellScriptBuildPhase;
			buildActionMask = 2147483647;
			files = (
			);
			inputPaths = (
				"${PODS_PODFILE_DIR_PATH}/Podfile.lock",
				"${PODS_ROOT}/Manifest.lock",
			);
			name = "[CP] Check Pods Manifest.lock";
			outputPaths = (
				"$(DERIVED_FILE_DIR)/Pods-PhotoBucket-checkManifestLockResult.txt",
			);
			runOnlyForDeploymentPostprocessing = 0;
			shellPath = /bin/sh;
			shellScript = "diff \"${PODS_PODFILE_DIR_PATH}/Podfile.lock\" \"${PODS_ROOT}/Manifest.lock\" > /dev/null\nif [ $? != 0 ] ; then\n    # print error to STDERR\n    echo \"error: The sandbox is not in sync with the Podfile.lock. Run 'pod install' or update your CocoaPods installation.\" >&2\n    exit 1\nfi\n# This output is used by Xcode 'outputs' to avoid re-running this script phase.\necho \"SUCCESS\" > \"${SCRIPT_OUTPUT_FILE_0}\"\n";
			showEnvVarsInLog = 0;
		};
		DBEDFFB07D1700ABB2077072 /* [CP] Embed Pods Frameworks */ = {
			isa = PBXShellScriptBuildPhase;
			buildActionMask = 2147483647;
			files = (
			);
			inputPaths = (
				"${SRCROOT}/Pods/Target Support Files/Pods-PhotoBucket/Pods-PhotoBucket-frameworks.sh",
				"${BUILT_PRODUCTS_DIR}/BoringSSL/openssl.framework",
				"${BUILT_PRODUCTS_DIR}/GTMOAuth2/GTMOAuth2.framework",
				"${BUILT_PRODUCTS_DIR}/GTMSessionFetcher/GTMSessionFetcher.framework",
				"${BUILT_PRODUCTS_DIR}/GoogleToolboxForMac/GoogleToolboxForMac.framework",
				"${BUILT_PRODUCTS_DIR}/Protobuf/Protobuf.framework",
				"${BUILT_PRODUCTS_DIR}/gRPC/GRPCClient.framework",
				"${BUILT_PRODUCTS_DIR}/gRPC-Core/grpc.framework",
				"${BUILT_PRODUCTS_DIR}/gRPC-ProtoRPC/ProtoRPC.framework",
				"${BUILT_PRODUCTS_DIR}/gRPC-RxLibrary/RxLibrary.framework",
				"${BUILT_PRODUCTS_DIR}/leveldb-library/leveldb.framework",
				"${BUILT_PRODUCTS_DIR}/nanopb/nanopb.framework",
			);
			name = "[CP] Embed Pods Frameworks";
			outputPaths = (
				"${TARGET_BUILD_DIR}/${FRAMEWORKS_FOLDER_PATH}/openssl.framework",
				"${TARGET_BUILD_DIR}/${FRAMEWORKS_FOLDER_PATH}/GTMOAuth2.framework",
				"${TARGET_BUILD_DIR}/${FRAMEWORKS_FOLDER_PATH}/GTMSessionFetcher.framework",
				"${TARGET_BUILD_DIR}/${FRAMEWORKS_FOLDER_PATH}/GoogleToolboxForMac.framework",
				"${TARGET_BUILD_DIR}/${FRAMEWORKS_FOLDER_PATH}/Protobuf.framework",
				"${TARGET_BUILD_DIR}/${FRAMEWORKS_FOLDER_PATH}/GRPCClient.framework",
				"${TARGET_BUILD_DIR}/${FRAMEWORKS_FOLDER_PATH}/grpc.framework",
				"${TARGET_BUILD_DIR}/${FRAMEWORKS_FOLDER_PATH}/ProtoRPC.framework",
				"${TARGET_BUILD_DIR}/${FRAMEWORKS_FOLDER_PATH}/RxLibrary.framework",
				"${TARGET_BUILD_DIR}/${FRAMEWORKS_FOLDER_PATH}/leveldb.framework",
				"${TARGET_BUILD_DIR}/${FRAMEWORKS_FOLDER_PATH}/nanopb.framework",
			);
			runOnlyForDeploymentPostprocessing = 0;
			shellPath = /bin/sh;
			shellScript = "\"${SRCROOT}/Pods/Target Support Files/Pods-PhotoBucket/Pods-PhotoBucket-frameworks.sh\"\n";
			showEnvVarsInLog = 0;
		};
/* End PBXShellScriptBuildPhase section */

/* Begin PBXSourcesBuildPhase section */
		8990B43E208644A7004E3F26 /* Sources */ = {
			isa = PBXSourcesBuildPhase;
			buildActionMask = 2147483647;
			files = (
				896DFCE720968DC00099BB4B /* Photos.swift in Sources */,
				896DFCE1209653830099BB4B /* PhotoBucketTableViewController.swift in Sources */,
				896DFCE3209654700099BB4B /* PhotoBucketViewController.swift in Sources */,
				896DFCE92096C28D0099BB4B /* LoginViewController.swift in Sources */,
				89C901EB2097A3C900B2C18D /* Rosefire.swift in Sources */,
				8990B446208644A7004E3F26 /* AppDelegate.swift in Sources */,
			);
			runOnlyForDeploymentPostprocessing = 0;
		};
/* End PBXSourcesBuildPhase section */

/* Begin PBXVariantGroup section */
		8990B44E208644A7004E3F26 /* Main.storyboard */ = {
			isa = PBXVariantGroup;
			children = (
				8990B44F208644A7004E3F26 /* Base */,
			);
			name = Main.storyboard;
			sourceTree = "<group>";
		};
		8990B453208644A9004E3F26 /* LaunchScreen.storyboard */ = {
			isa = PBXVariantGroup;
			children = (
				8990B454208644A9004E3F26 /* Base */,
			);
			name = LaunchScreen.storyboard;
			sourceTree = "<group>";
		};
/* End PBXVariantGroup section */

/* Begin XCBuildConfiguration section */
		8990B457208644A9004E3F26 /* Debug */ = {
			isa = XCBuildConfiguration;
			buildSettings = {
				ALWAYS_SEARCH_USER_PATHS = NO;
				CLANG_ANALYZER_NONNULL = YES;
				CLANG_ANALYZER_NUMBER_OBJECT_CONVERSION = YES_AGGRESSIVE;
				CLANG_CXX_LANGUAGE_STANDARD = "gnu++14";
				CLANG_CXX_LIBRARY = "libc++";
				CLANG_ENABLE_MODULES = YES;
				CLANG_ENABLE_OBJC_ARC = YES;
				CLANG_ENABLE_OBJC_WEAK = YES;
				CLANG_WARN_BLOCK_CAPTURE_AUTORELEASING = YES;
				CLANG_WARN_BOOL_CONVERSION = YES;
				CLANG_WARN_COMMA = YES;
				CLANG_WARN_CONSTANT_CONVERSION = YES;
				CLANG_WARN_DEPRECATED_OBJC_IMPLEMENTATIONS = YES;
				CLANG_WARN_DIRECT_OBJC_ISA_USAGE = YES_ERROR;
				CLANG_WARN_DOCUMENTATION_COMMENTS = YES;
				CLANG_WARN_EMPTY_BODY = YES;
				CLANG_WARN_ENUM_CONVERSION = YES;
				CLANG_WARN_INFINITE_RECURSION = YES;
				CLANG_WARN_INT_CONVERSION = YES;
				CLANG_WARN_NON_LITERAL_NULL_CONVERSION = YES;
				CLANG_WARN_OBJC_IMPLICIT_RETAIN_SELF = YES;
				CLANG_WARN_OBJC_LITERAL_CONVERSION = YES;
				CLANG_WARN_OBJC_ROOT_CLASS = YES_ERROR;
				CLANG_WARN_RANGE_LOOP_ANALYSIS = YES;
				CLANG_WARN_STRICT_PROTOTYPES = YES;
				CLANG_WARN_SUSPICIOUS_MOVE = YES;
				CLANG_WARN_UNGUARDED_AVAILABILITY = YES_AGGRESSIVE;
				CLANG_WARN_UNREACHABLE_CODE = YES;
				CLANG_WARN__DUPLICATE_METHOD_MATCH = YES;
				CODE_SIGN_IDENTITY = "iPhone Developer";
				COPY_PHASE_STRIP = NO;
				DEBUG_INFORMATION_FORMAT = dwarf;
				ENABLE_STRICT_OBJC_MSGSEND = YES;
				ENABLE_TESTABILITY = YES;
				GCC_C_LANGUAGE_STANDARD = gnu11;
				GCC_DYNAMIC_NO_PIC = NO;
				GCC_NO_COMMON_BLOCKS = YES;
				GCC_OPTIMIZATION_LEVEL = 0;
				GCC_PREPROCESSOR_DEFINITIONS = (
					"DEBUG=1",
					"$(inherited)",
				);
				GCC_WARN_64_TO_32_BIT_CONVERSION = YES;
				GCC_WARN_ABOUT_RETURN_TYPE = YES_ERROR;
				GCC_WARN_UNDECLARED_SELECTOR = YES;
				GCC_WARN_UNINITIALIZED_AUTOS = YES_AGGRESSIVE;
				GCC_WARN_UNUSED_FUNCTION = YES;
				GCC_WARN_UNUSED_VARIABLE = YES;
				IPHONEOS_DEPLOYMENT_TARGET = 11.3;
				MTL_ENABLE_DEBUG_INFO = YES;
				ONLY_ACTIVE_ARCH = YES;
				SDKROOT = iphoneos;
				SWIFT_ACTIVE_COMPILATION_CONDITIONS = DEBUG;
				SWIFT_OPTIMIZATION_LEVEL = "-Onone";
			};
			name = Debug;
		};
		8990B458208644A9004E3F26 /* Release */ = {
			isa = XCBuildConfiguration;
			buildSettings = {
				ALWAYS_SEARCH_USER_PATHS = NO;
				CLANG_ANALYZER_NONNULL = YES;
				CLANG_ANALYZER_NUMBER_OBJECT_CONVERSION = YES_AGGRESSIVE;
				CLANG_CXX_LANGUAGE_STANDARD = "gnu++14";
				CLANG_CXX_LIBRARY = "libc++";
				CLANG_ENABLE_MODULES = YES;
				CLANG_ENABLE_OBJC_ARC = YES;
				CLANG_ENABLE_OBJC_WEAK = YES;
				CLANG_WARN_BLOCK_CAPTURE_AUTORELEASING = YES;
				CLANG_WARN_BOOL_CONVERSION = YES;
				CLANG_WARN_COMMA = YES;
				CLANG_WARN_CONSTANT_CONVERSION = YES;
				CLANG_WARN_DEPRECATED_OBJC_IMPLEMENTATIONS = YES;
				CLANG_WARN_DIRECT_OBJC_ISA_USAGE = YES_ERROR;
				CLANG_WARN_DOCUMENTATION_COMMENTS = YES;
				CLANG_WARN_EMPTY_BODY = YES;
				CLANG_WARN_ENUM_CONVERSION = YES;
				CLANG_WARN_INFINITE_RECURSION = YES;
				CLANG_WARN_INT_CONVERSION = YES;
				CLANG_WARN_NON_LITERAL_NULL_CONVERSION = YES;
				CLANG_WARN_OBJC_IMPLICIT_RETAIN_SELF = YES;
				CLANG_WARN_OBJC_LITERAL_CONVERSION = YES;
				CLANG_WARN_OBJC_ROOT_CLASS = YES_ERROR;
				CLANG_WARN_RANGE_LOOP_ANALYSIS = YES;
				CLANG_WARN_STRICT_PROTOTYPES = YES;
				CLANG_WARN_SUSPICIOUS_MOVE = YES;
				CLANG_WARN_UNGUARDED_AVAILABILITY = YES_AGGRESSIVE;
				CLANG_WARN_UNREACHABLE_CODE = YES;
				CLANG_WARN__DUPLICATE_METHOD_MATCH = YES;
				CODE_SIGN_IDENTITY = "iPhone Developer";
				COPY_PHASE_STRIP = NO;
				DEBUG_INFORMATION_FORMAT = "dwarf-with-dsym";
				ENABLE_NS_ASSERTIONS = NO;
				ENABLE_STRICT_OBJC_MSGSEND = YES;
				GCC_C_LANGUAGE_STANDARD = gnu11;
				GCC_NO_COMMON_BLOCKS = YES;
				GCC_WARN_64_TO_32_BIT_CONVERSION = YES;
				GCC_WARN_ABOUT_RETURN_TYPE = YES_ERROR;
				GCC_WARN_UNDECLARED_SELECTOR = YES;
				GCC_WARN_UNINITIALIZED_AUTOS = YES_AGGRESSIVE;
				GCC_WARN_UNUSED_FUNCTION = YES;
				GCC_WARN_UNUSED_VARIABLE = YES;
				IPHONEOS_DEPLOYMENT_TARGET = 11.3;
				MTL_ENABLE_DEBUG_INFO = NO;
				SDKROOT = iphoneos;
				SWIFT_COMPILATION_MODE = wholemodule;
				SWIFT_OPTIMIZATION_LEVEL = "-O";
				VALIDATE_PRODUCT = YES;
			};
			name = Release;
		};
		8990B45A208644A9004E3F26 /* Debug */ = {
			isa = XCBuildConfiguration;
			baseConfigurationReference = C624A98F0BD7DD2456E6F7D4 /* Pods-PhotoBucket.debug.xcconfig */;
			buildSettings = {
				ASSETCATALOG_COMPILER_APPICON_NAME = AppIcon;
				CODE_SIGN_ENTITLEMENTS = PhotoBucket/PhotoBucket.entitlements;
				CODE_SIGN_STYLE = Automatic;
				DEVELOPMENT_TEAM = QM66VBX52X;
				INFOPLIST_FILE = PhotoBucket/Info.plist;
				LD_RUNPATH_SEARCH_PATHS = (
					"$(inherited)",
					"@executable_path/Frameworks",
				);
				PRODUCT_BUNDLE_IDENTIFIER = edu.rosehulman.chakrap.PhotoBucket;
				PRODUCT_NAME = "$(TARGET_NAME)";
				SWIFT_VERSION = 4.0;
				TARGETED_DEVICE_FAMILY = 1;
			};
			name = Debug;
		};
		8990B45B208644A9004E3F26 /* Release */ = {
			isa = XCBuildConfiguration;
			baseConfigurationReference = 015D94E1405EE8FC9C259F6C /* Pods-PhotoBucket.release.xcconfig */;
			buildSettings = {
				ASSETCATALOG_COMPILER_APPICON_NAME = AppIcon;
				CODE_SIGN_ENTITLEMENTS = PhotoBucket/PhotoBucket.entitlements;
				CODE_SIGN_STYLE = Automatic;
				DEVELOPMENT_TEAM = QM66VBX52X;
				INFOPLIST_FILE = PhotoBucket/Info.plist;
				LD_RUNPATH_SEARCH_PATHS = (
					"$(inherited)",
					"@executable_path/Frameworks",
				);
				PRODUCT_BUNDLE_IDENTIFIER = edu.rosehulman.chakrap.PhotoBucket;
				PRODUCT_NAME = "$(TARGET_NAME)";
				SWIFT_VERSION = 4.0;
				TARGETED_DEVICE_FAMILY = 1;
			};
			name = Release;
		};
/* End XCBuildConfiguration section */

/* Begin XCConfigurationList section */
		8990B43D208644A6004E3F26 /* Build configuration list for PBXProject "PhotoBucket" */ = {
			isa = XCConfigurationList;
			buildConfigurations = (
				8990B457208644A9004E3F26 /* Debug */,
				8990B458208644A9004E3F26 /* Release */,
			);
			defaultConfigurationIsVisible = 0;
			defaultConfigurationName = Release;
		};
		8990B459208644A9004E3F26 /* Build configuration list for PBXNativeTarget "PhotoBucket" */ = {
			isa = XCConfigurationList;
			buildConfigurations = (
				8990B45A208644A9004E3F26 /* Debug */,
				8990B45B208644A9004E3F26 /* Release */,
			);
			defaultConfigurationIsVisible = 0;
			defaultConfigurationName = Release;
		};
/* End XCConfigurationList section */
	};
	rootObject = 8990B43A208644A6004E3F26 /* Project object */;
}
